
Microsoft Visual Studio Solution File, Format Version 12.00
# Visual Studio Version 17
VisualStudioVersion = 17.6.33723.286
MinimumVisualStudioVersion = 10.0.40219.1
Project("{FAE04EC0-301F-11D3-BF4B-00C04F79EFBC}") = "WpfApp1", "WpfApp1\WpfApp1.csproj", "{5C0F5F72-6834-42B5-B0CB-98CC90453BDC}"
EndProject
Project("{2150E333-8FDC-42A3-9474-1A3956D46DE8}") = "Элементы решения", "Элементы решения", "{55B3944C-7111-4FA9-89D6-A2D7D78E1829}"
	ProjectSection(SolutionItems) = preProject
		WpfApp1\bin\x64\Release\1c_to_kl Editor.exe = WpfApp1\bin\x64\Release\1c_to_kl Editor.exe
	EndProjectSection
EndProject
Global
	GlobalSection(SolutionConfigurationPlatforms) = preSolution
		Debug|Any CPU = Debug|Any CPU
		Debug|x64 = Debug|x64
		Release|Any CPU = Release|Any CPU
		Release|x64 = Release|x64
	EndGlobalSection
	GlobalSection(ProjectConfigurationPlatforms) = postSolution
		{5C0F5F72-6834-42B5-B0CB-98CC90453BDC}.Debug|Any CPU.ActiveCfg = Debug|Any CPU
		{5C0F5F72-6834-42B5-B0CB-98CC90453BDC}.Debug|Any CPU.Build.0 = Debug|Any CPU
		{5C0F5F72-6834-42B5-B0CB-98CC90453BDC}.Debug|x64.ActiveCfg = Debug|x64
		{5C0F5F72-6834-42B5-B0CB-98CC90453BDC}.Debug|x64.Build.0 = Debug|x64
		{5C0F5F72-6834-42B5-B0CB-98CC90453BDC}.Release|Any CPU.ActiveCfg = Release|Any CPU
		{5C0F5F72-6834-42B5-B0CB-98CC90453BDC}.Release|Any CPU.Build.0 = Release|Any CPU
		{5C0F5F72-6834-42B5-B0CB-98CC90453BDC}.Release|x64.ActiveCfg = Release|x64
		{5C0F5F72-6834-42B5-B0CB-98CC90453BDC}.Release|x64.Build.0 = Release|x64
	EndGlobalSection
	GlobalSection(SolutionProperties) = preSolution
		HideSolutionNode = FALSE
	EndGlobalSection
	GlobalSection(ExtensibilityGlobals) = postSolution
		SolutionGuid = {55E2A2D7-4C50-4730-B91D-DC54D4C0582C}
	EndGlobalSection
EndGlobal
